
Microsoft Visual Studio Solution File, Format Version 12.00
# Visual Studio Version 17
VisualStudioVersion = 17.13.35806.99 d17.13
MinimumVisualStudioVersion = 10.0.40219.1
Project("{FAE04EC0-301F-11D3-BF4B-00C04F79EFBC}") = "BLAGODAT", "BLAGODAT\BLAGODAT.csproj", "{89195A5E-D3FF-46BE-80E0-DF58FFF95AF4}"
EndProject
Global
	GlobalSection(SolutionConfigurationPlatforms) = preSolution
		Debug|Any CPU = Debug|Any CPU
		Release|Any CPU = Release|Any CPU
	EndGlobalSection
	GlobalSection(ProjectConfigurationPlatforms) = postSolution
		{89195A5E-D3FF-46BE-80E0-DF58FFF95AF4}.Debug|Any CPU.ActiveCfg = Debug|Any CPU
		{89195A5E-D3FF-46BE-80E0-DF58FFF95AF4}.Debug|Any CPU.Build.0 = Debug|Any CPU
		{89195A5E-D3FF-46BE-80E0-DF58FFF95AF4}.Release|Any CPU.ActiveCfg = Release|Any CPU
		{89195A5E-D3FF-46BE-80E0-DF58FFF95AF4}.Release|Any CPU.Build.0 = Release|Any CPU
	EndGlobalSection
	GlobalSection(SolutionProperties) = preSolution
		HideSolutionNode = FALSE
	EndGlobalSection
	GlobalSection(ExtensibilityGlobals) = postSolution
		SolutionGuid = {616B1521-BD01-4D9D-9C54-F438FCA77FEF}
	EndGlobalSection
EndGlobal
